// !$*UTF8*$!
{
	archiveVersion = 1;
	classes = {
	};
	objectVersion = 50;
	objects = {

/* Begin PBXBuildFile section */
		F497B08624EE130700AF949B /* Machine_Learing.cpp in Sources */ = {isa = PBXBuildFile; fileRef = F497B08524EE130700AF949B /* Machine_Learing.cpp */; };
/* End PBXBuildFile section */

/* Begin PBXCopyFilesBuildPhase section */
		F49184C421AFC1830093C4A5 /* CopyFiles */ = {
			isa = PBXCopyFilesBuildPhase;
			buildActionMask = 2147483647;
			dstPath = /usr/share/man/man1/;
			dstSubfolderSpec = 0;
			files = (
			);
			runOnlyForDeploymentPostprocessing = 1;
		};
/* End PBXCopyFilesBuildPhase section */

/* Begin PBXFileReference section */
		F40B968A233C720900782AB9 /* random number.cpp */ = {isa = PBXFileReference; lastKnownFileType = sourcecode.cpp.cpp; path = "random number.cpp"; sourceTree = "<group>"; };
		F40B968C233C765F00782AB9 /* max_subsequence_sum_01.cpp */ = {isa = PBXFileReference; lastKnownFileType = sourcecode.cpp.cpp; path = max_subsequence_sum_01.cpp; sourceTree = "<group>"; };
		F40B9692233C7B8700782AB9 /* max_subsequnece_sum_02.cpp */ = {isa = PBXFileReference; lastKnownFileType = sourcecode.cpp.cpp; path = max_subsequnece_sum_02.cpp; sourceTree = "<group>"; };
		F40B9695233C9F7B00782AB9 /* max_subsequence_sum_03.cpp */ = {isa = PBXFileReference; lastKnownFileType = sourcecode.cpp.cpp; path = max_subsequence_sum_03.cpp; sourceTree = "<group>"; };
		F40B9697233DDE2F00782AB9 /* max_subsequence_sum_04.cpp */ = {isa = PBXFileReference; lastKnownFileType = sourcecode.cpp.cpp; path = max_subsequence_sum_04.cpp; sourceTree = "<group>"; };
		F40B96A3233F407E00782AB9 /* hu.cpp */ = {isa = PBXFileReference; lastKnownFileType = sourcecode.cpp.cpp; path = hu.cpp; sourceTree = "<group>"; };
		F416219E2350187600E4012A /* HY.cpp */ = {isa = PBXFileReference; lastKnownFileType = sourcecode.cpp.cpp; path = HY.cpp; sourceTree = "<group>"; };
		F42075C0232B36390030B180 /* cabbage.cpp */ = {isa = PBXFileReference; lastKnownFileType = sourcecode.cpp.cpp; path = cabbage.cpp; sourceTree = "<group>"; };
		F42075C1232B36390030B180 /* cabbage.hpp */ = {isa = PBXFileReference; lastKnownFileType = sourcecode.cpp.h; path = cabbage.hpp; sourceTree = "<group>"; };
		F428C50421B8F9FC005B31CF /* ascii.c */ = {isa = PBXFileReference; lastKnownFileType = sourcecode.c.c; path = ascii.c; sourceTree = "<group>"; };
		F42D3F3A21B8E63000751153 /* str5.c */ = {isa = PBXFileReference; lastKnownFileType = sourcecode.c.c; path = str5.c; sourceTree = "<group>"; };
		F42D3F3E21B8EC9700751153 /* str6.c */ = {isa = PBXFileReference; lastKnownFileType = sourcecode.c.c; path = str6.c; sourceTree = "<group>"; };
		F4665CCD21B955EA0016067E /* file.c */ = {isa = PBXFileReference; lastKnownFileType = sourcecode.c.c; path = file.c; sourceTree = "<group>"; };
		F4665CD021B972380016067E /* pt1.c */ = {isa = PBXFileReference; lastKnownFileType = sourcecode.c.c; path = pt1.c; sourceTree = "<group>"; };
		F4665CD221B973AE0016067E /* pt2.c */ = {isa = PBXFileReference; lastKnownFileType = sourcecode.c.c; path = pt2.c; sourceTree = "<group>"; };
		F4665CD521B975820016067E /* pt3.c */ = {isa = PBXFileReference; lastKnownFileType = sourcecode.c.c; path = pt3.c; sourceTree = "<group>"; };
		F4665CD721B9781D0016067E /* pt4.c */ = {isa = PBXFileReference; lastKnownFileType = sourcecode.c.c; path = pt4.c; sourceTree = "<group>"; };
		F4665CD921B97AF40016067E /* pt5.c */ = {isa = PBXFileReference; lastKnownFileType = sourcecode.c.c; path = pt5.c; sourceTree = "<group>"; };
		F4665CDD21B97F1B0016067E /* pt6.c */ = {isa = PBXFileReference; lastKnownFileType = sourcecode.c.c; path = pt6.c; sourceTree = "<group>"; };
		F4665CDF21B983280016067E /* 2018170921_3.c */ = {isa = PBXFileReference; lastKnownFileType = sourcecode.c.c; path = 2018170921_3.c; sourceTree = "<group>"; };
		F4703EB121B81F5400E7A3C8 /* str1.c */ = {isa = PBXFileReference; lastKnownFileType = sourcecode.c.c; path = str1.c; sourceTree = "<group>"; };
		F4703EB321B8261000E7A3C8 /* str2.c */ = {isa = PBXFileReference; lastKnownFileType = sourcecode.c.c; path = str2.c; sourceTree = "<group>"; };
		F4703EB521B8DC6A00E7A3C8 /* str3.c */ = {isa = PBXFileReference; lastKnownFileType = sourcecode.c.c; path = str3.c; sourceTree = "<group>"; };
		F4703EB721B8DF3300E7A3C8 /* str4.c */ = {isa = PBXFileReference; lastKnownFileType = sourcecode.c.c; path = str4.c; sourceTree = "<group>"; };
		F4894CA0225355EA00F79189 /* project1.cpp */ = {isa = PBXFileReference; lastKnownFileType = sourcecode.cpp.cpp; path = project1.cpp; sourceTree = "<group>"; };
		F49184C621AFC1830093C4A5 /* CL */ = {isa = PBXFileReference; explicitFileType = "compiled.mach-o.executable"; includeInIndex = 0; path = CL; sourceTree = BUILT_PRODUCTS_DIR; };
		F49184C921AFC1830093C4A5 /* main.cpp */ = {isa = PBXFileReference; lastKnownFileType = sourcecode.cpp.cpp; path = main.cpp; sourceTree = "<group>"; };
		F49184D021AFC1B70093C4A5 /* CL2.cpp */ = {isa = PBXFileReference; lastKnownFileType = sourcecode.cpp.cpp; path = CL2.cpp; sourceTree = "<group>"; };
		F497B08524EE130700AF949B /* Machine_Learing.cpp */ = {isa = PBXFileReference; lastKnownFileType = sourcecode.cpp.cpp; path = Machine_Learing.cpp; sourceTree = "<group>"; };
		F4C1267B22756DB500705C96 /* project2.cpp */ = {isa = PBXFileReference; lastKnownFileType = sourcecode.cpp.cpp; path = project2.cpp; sourceTree = "<group>"; };
		F4E4E08E229CEA2C00AFF28F /* project3.cpp */ = {isa = PBXFileReference; lastKnownFileType = sourcecode.cpp.cpp; path = project3.cpp; sourceTree = "<group>"; };
		F4EE427721B91B120030169E /* str7.c */ = {isa = PBXFileReference; lastKnownFileType = sourcecode.c.c; path = str7.c; sourceTree = "<group>"; };
		F4EE427921B91D3D0030169E /* str8.c */ = {isa = PBXFileReference; lastKnownFileType = sourcecode.c.c; path = str8.c; sourceTree = "<group>"; };
		F4EE427B21B924F50030169E /* str9.c */ = {isa = PBXFileReference; lastKnownFileType = sourcecode.c.c; path = str9.c; sourceTree = "<group>"; };
		F4EE427D21B928C50030169E /* str10.c */ = {isa = PBXFileReference; lastKnownFileType = sourcecode.c.c; path = str10.c; sourceTree = "<group>"; };
		F4EE427F21B92AB90030169E /* str11.c */ = {isa = PBXFileReference; lastKnownFileType = sourcecode.c.c; path = str11.c; sourceTree = "<group>"; };
		F4F3DBE421B9EE2200D30384 /* 2018170921_1.c */ = {isa = PBXFileReference; lastKnownFileType = sourcecode.c.c; path = 2018170921_1.c; sourceTree = "<group>"; };
		F4F3DBE921BA006E00D30384 /* 2018170921_2in.h */ = {isa = PBXFileReference; lastKnownFileType = sourcecode.c.h; path = 2018170921_2in.h; sourceTree = "<group>"; };
		F4F3DBEA21BA006E00D30384 /* 2018170921_2.c */ = {isa = PBXFileReference; lastKnownFileType = sourcecode.c.c; path = 2018170921_2.c; sourceTree = "<group>"; };
		F4F3DBEC21BA008000D30384 /* 2018170921_2out.h */ = {isa = PBXFileReference; lastKnownFileType = sourcecode.c.h; path = 2018170921_2out.h; sourceTree = "<group>"; };
		F4F6175222766BA4008E2B84 /* ㄹㄹ.cpp */ = {isa = PBXFileReference; lastKnownFileType = sourcecode.cpp.cpp; path = "ㄹㄹ.cpp"; sourceTree = "<group>"; };
		F4FEF576237AC3D600BFC3B5 /* practice.cpp */ = {isa = PBXFileReference; lastKnownFileType = sourcecode.cpp.cpp; path = practice.cpp; sourceTree = "<group>"; };
/* End PBXFileReference section */

/* Begin PBXFrameworksBuildPhase section */
		F49184C321AFC1830093C4A5 /* Frameworks */ = {
			isa = PBXFrameworksBuildPhase;
			buildActionMask = 2147483647;
			files = (
			);
			runOnlyForDeploymentPostprocessing = 0;
		};
/* End PBXFrameworksBuildPhase section */

/* Begin PBXGroup section */
		F40B9689233C71D800782AB9 /* D&A */ = {
			isa = PBXGroup;
			children = (
				F40B968A233C720900782AB9 /* random number.cpp */,
				F40B968C233C765F00782AB9 /* max_subsequence_sum_01.cpp */,
				F40B9692233C7B8700782AB9 /* max_subsequnece_sum_02.cpp */,
				F40B9695233C9F7B00782AB9 /* max_subsequence_sum_03.cpp */,
				F40B9697233DDE2F00782AB9 /* max_subsequence_sum_04.cpp */,
				F40B96A3233F407E00782AB9 /* hu.cpp */,
				F416219E2350187600E4012A /* HY.cpp */,
			);
			path = "D&A";
			sourceTree = "<group>";
		};
		F4665CCC21B955D10016067E /* CLC */ = {
			isa = PBXGroup;
			children = (
				F4665CCD21B955EA0016067E /* file.c */,
				F4665CD021B972380016067E /* pt1.c */,
				F4665CD221B973AE0016067E /* pt2.c */,
				F4665CD521B975820016067E /* pt3.c */,
				F4665CD721B9781D0016067E /* pt4.c */,
				F4665CD921B97AF40016067E /* pt5.c */,
				F4665CDD21B97F1B0016067E /* pt6.c */,
				F4665CDF21B983280016067E /* 2018170921_3.c */,
			);
			path = CLC;
			sourceTree = "<group>";
		};
		F4894C9F225355B100F79189 /* Probaility & Stocaostic Process */ = {
			isa = PBXGroup;
			children = (
				F4894CA0225355EA00F79189 /* project1.cpp */,
				F4C1267B22756DB500705C96 /* project2.cpp */,
				F4F6175222766BA4008E2B84 /* ㄹㄹ.cpp */,
				F4E4E08E229CEA2C00AFF28F /* project3.cpp */,
			);
			path = "Probaility & Stocaostic Process";
			sourceTree = "<group>";
		};
		F49184BD21AFC1830093C4A5 = {
			isa = PBXGroup;
			children = (
				F497B08424EE12D000AF949B /* Deep_Learining */,
				F4FEF575237ABA5300BFC3B5 /* HandS seminar */,
				F40B9689233C71D800782AB9 /* D&A */,
				F42075C0232B36390030B180 /* cabbage.cpp */,
				F42075C1232B36390030B180 /* cabbage.hpp */,
				F4894C9F225355B100F79189 /* Probaility & Stocaostic Process */,
				F4F3DBE321B9EE0800D30384 /* final exam */,
				F4665CCC21B955D10016067E /* CLC */,
				F49184C821AFC1830093C4A5 /* CL */,
				F49184C721AFC1830093C4A5 /* Products */,
			);
			sourceTree = "<group>";
		};
		F49184C721AFC1830093C4A5 /* Products */ = {
			isa = PBXGroup;
			children = (
				F49184C621AFC1830093C4A5 /* CL */,
			);
			name = Products;
			sourceTree = "<group>";
		};
		F49184C821AFC1830093C4A5 /* CL */ = {
			isa = PBXGroup;
			children = (
				F49184C921AFC1830093C4A5 /* main.cpp */,
				F49184D021AFC1B70093C4A5 /* CL2.cpp */,
				F4703EB121B81F5400E7A3C8 /* str1.c */,
				F4703EB321B8261000E7A3C8 /* str2.c */,
				F4703EB521B8DC6A00E7A3C8 /* str3.c */,
				F4703EB721B8DF3300E7A3C8 /* str4.c */,
				F42D3F3A21B8E63000751153 /* str5.c */,
				F42D3F3E21B8EC9700751153 /* str6.c */,
				F428C50421B8F9FC005B31CF /* ascii.c */,
				F4EE427721B91B120030169E /* str7.c */,
				F4EE427921B91D3D0030169E /* str8.c */,
				F4EE427B21B924F50030169E /* str9.c */,
				F4EE427D21B928C50030169E /* str10.c */,
				F4EE427F21B92AB90030169E /* str11.c */,
			);
			path = CL;
			sourceTree = "<group>";
		};
		F497B08424EE12D000AF949B /* Deep_Learining */ = {
			isa = PBXGroup;
			children = (
				F497B08524EE130700AF949B /* Machine_Learing.cpp */,
			);
			path = Deep_Learining;
			sourceTree = "<group>";
		};
		F4F3DBE321B9EE0800D30384 /* final exam */ = {
			isa = PBXGroup;
			children = (
				F4F3DBE421B9EE2200D30384 /* 2018170921_1.c */,
				F4F3DBE921BA006E00D30384 /* 2018170921_2in.h */,
				F4F3DBEA21BA006E00D30384 /* 2018170921_2.c */,
				F4F3DBEC21BA008000D30384 /* 2018170921_2out.h */,
			);
			path = "final exam";
			sourceTree = "<group>";
		};
		F4FEF575237ABA5300BFC3B5 /* HandS seminar */ = {
			isa = PBXGroup;
			children = (
				F4FEF576237AC3D600BFC3B5 /* practice.cpp */,
			);
			path = "HandS seminar";
			sourceTree = "<group>";
		};
/* End PBXGroup section */

/* Begin PBXNativeTarget section */
		F49184C521AFC1830093C4A5 /* CL */ = {
			isa = PBXNativeTarget;
			buildConfigurationList = F49184CD21AFC1830093C4A5 /* Build configuration list for PBXNativeTarget "CL" */;
			buildPhases = (
				F49184C221AFC1830093C4A5 /* Sources */,
				F49184C321AFC1830093C4A5 /* Frameworks */,
				F49184C421AFC1830093C4A5 /* CopyFiles */,
			);
			buildRules = (
			);
			dependencies = (
			);
			name = CL;
			productName = CL;
			productReference = F49184C621AFC1830093C4A5 /* CL */;
			productType = "com.apple.product-type.tool";
		};
/* End PBXNativeTarget section */

/* Begin PBXProject section */
		F49184BE21AFC1830093C4A5 /* Project object */ = {
			isa = PBXProject;
			attributes = {
				LastUpgradeCheck = 1010;
				ORGANIZATIONNAME = "조유빈";
				TargetAttributes = {
					F49184C521AFC1830093C4A5 = {
						CreatedOnToolsVersion = 10.1;
					};
				};
			};
			buildConfigurationList = F49184C121AFC1830093C4A5 /* Build configuration list for PBXProject "CL" */;
			compatibilityVersion = "Xcode 9.3";
			developmentRegion = en;
			hasScannedForEncodings = 0;
			knownRegions = (
				en,
			);
			mainGroup = F49184BD21AFC1830093C4A5;
			productRefGroup = F49184C721AFC1830093C4A5 /* Products */;
			projectDirPath = "";
			projectRoot = "";
			targets = (
				F49184C521AFC1830093C4A5 /* CL */,
			);
		};
/* End PBXProject section */

/* Begin PBXSourcesBuildPhase section */
		F49184C221AFC1830093C4A5 /* Sources */ = {
			isa = PBXSourcesBuildPhase;
			buildActionMask = 2147483647;
			files = (
				F497B08624EE130700AF949B /* Machine_Learing.cpp in Sources */,
			);
			runOnlyForDeploymentPostprocessing = 0;
		};
/* End PBXSourcesBuildPhase section */

/* Begin XCBuildConfiguration section */
		F49184CB21AFC1830093C4A5 /* Debug */ = {
			isa = XCBuildConfiguration;
			buildSettings = {
				ALWAYS_SEARCH_USER_PATHS = NO;
				CLANG_ANALYZER_NONNULL = YES;
				CLANG_ANALYZER_NUMBER_OBJECT_CONVERSION = YES_AGGRESSIVE;
				CLANG_CXX_LANGUAGE_STANDARD = "gnu++14";
				CLANG_CXX_LIBRARY = "libc++";
				CLANG_ENABLE_MODULES = YES;
				CLANG_ENABLE_OBJC_ARC = YES;
				CLANG_ENABLE_OBJC_WEAK = YES;
				CLANG_WARN_BLOCK_CAPTURE_AUTORELEASING = YES;
				CLANG_WARN_BOOL_CONVERSION = YES;
				CLANG_WARN_COMMA = YES;
				CLANG_WARN_CONSTANT_CONVERSION = YES;
				CLANG_WARN_DEPRECATED_OBJC_IMPLEMENTATIONS = YES;
				CLANG_WARN_DIRECT_OBJC_ISA_USAGE = YES_ERROR;
				CLANG_WARN_DOCUMENTATION_COMMENTS = YES;
				CLANG_WARN_EMPTY_BODY = YES;
				CLANG_WARN_ENUM_CONVERSION = YES;
				CLANG_WARN_INFINITE_RECURSION = YES;
				CLANG_WARN_INT_CONVERSION = YES;
				CLANG_WARN_NON_LITERAL_NULL_CONVERSION = YES;
				CLANG_WARN_OBJC_IMPLICIT_RETAIN_SELF = YES;
				CLANG_WARN_OBJC_LITERAL_CONVERSION = YES;
				CLANG_WARN_OBJC_ROOT_CLASS = YES_ERROR;
				CLANG_WARN_RANGE_LOOP_ANALYSIS = YES;
				CLANG_WARN_STRICT_PROTOTYPES = YES;
				CLANG_WARN_SUSPICIOUS_MOVE = YES;
				CLANG_WARN_UNGUARDED_AVAILABILITY = YES_AGGRESSIVE;
				CLANG_WARN_UNREACHABLE_CODE = YES;
				CLANG_WARN__DUPLICATE_METHOD_MATCH = YES;
				CODE_SIGN_IDENTITY = "-";
				COPY_PHASE_STRIP = NO;
				DEBUG_INFORMATION_FORMAT = dwarf;
				ENABLE_STRICT_OBJC_MSGSEND = YES;
				ENABLE_TESTABILITY = YES;
				GCC_C_LANGUAGE_STANDARD = gnu11;
				GCC_DYNAMIC_NO_PIC = NO;
				GCC_NO_COMMON_BLOCKS = YES;
				GCC_OPTIMIZATION_LEVEL = 0;
				GCC_PREPROCESSOR_DEFINITIONS = (
					"DEBUG=1",
					"$(inherited)",
				);
				GCC_WARN_64_TO_32_BIT_CONVERSION = YES;
				GCC_WARN_ABOUT_RETURN_TYPE = YES_ERROR;
				GCC_WARN_UNDECLARED_SELECTOR = YES;
				GCC_WARN_UNINITIALIZED_AUTOS = YES_AGGRESSIVE;
				GCC_WARN_UNUSED_FUNCTION = YES;
				GCC_WARN_UNUSED_VARIABLE = YES;
				MACOSX_DEPLOYMENT_TARGET = 10.14;
				MTL_ENABLE_DEBUG_INFO = INCLUDE_SOURCE;
				MTL_FAST_MATH = YES;
				ONLY_ACTIVE_ARCH = YES;
				SDKROOT = macosx;
			};
			name = Debug;
		};
		F49184CC21AFC1830093C4A5 /* Release */ = {
			isa = XCBuildConfiguration;
			buildSettings = {
				ALWAYS_SEARCH_USER_PATHS = NO;
				CLANG_ANALYZER_NONNULL = YES;
				CLANG_ANALYZER_NUMBER_OBJECT_CONVERSION = YES_AGGRESSIVE;
				CLANG_CXX_LANGUAGE_STANDARD = "gnu++14";
				CLANG_CXX_LIBRARY = "libc++";
				CLANG_ENABLE_MODULES = YES;
				CLANG_ENABLE_OBJC_ARC = YES;
				CLANG_ENABLE_OBJC_WEAK = YES;
				CLANG_WARN_BLOCK_CAPTURE_AUTORELEASING = YES;
				CLANG_WARN_BOOL_CONVERSION = YES;
				CLANG_WARN_COMMA = YES;
				CLANG_WARN_CONSTANT_CONVERSION = YES;
				CLANG_WARN_DEPRECATED_OBJC_IMPLEMENTATIONS = YES;
				CLANG_WARN_DIRECT_OBJC_ISA_USAGE = YES_ERROR;
				CLANG_WARN_DOCUMENTATION_COMMENTS = YES;
				CLANG_WARN_EMPTY_BODY = YES;
				CLANG_WARN_ENUM_CONVERSION = YES;
				CLANG_WARN_INFINITE_RECURSION = YES;
				CLANG_WARN_INT_CONVERSION = YES;
				CLANG_WARN_NON_LITERAL_NULL_CONVERSION = YES;
				CLANG_WARN_OBJC_IMPLICIT_RETAIN_SELF = YES;
				CLANG_WARN_OBJC_LITERAL_CONVERSION = YES;
				CLANG_WARN_OBJC_ROOT_CLASS = YES_ERROR;
				CLANG_WARN_RANGE_LOOP_ANALYSIS = YES;
				CLANG_WARN_STRICT_PROTOTYPES = YES;
				CLANG_WARN_SUSPICIOUS_MOVE = YES;
				CLANG_WARN_UNGUARDED_AVAILABILITY = YES_AGGRESSIVE;
				CLANG_WARN_UNREACHABLE_CODE = YES;
				CLANG_WARN__DUPLICATE_METHOD_MATCH = YES;
				CODE_SIGN_IDENTITY = "-";
				COPY_PHASE_STRIP = NO;
				DEBUG_INFORMATION_FORMAT = "dwarf-with-dsym";
				ENABLE_NS_ASSERTIONS = NO;
				ENABLE_STRICT_OBJC_MSGSEND = YES;
				GCC_C_LANGUAGE_STANDARD = gnu11;
				GCC_NO_COMMON_BLOCKS = YES;
				GCC_WARN_64_TO_32_BIT_CONVERSION = YES;
				GCC_WARN_ABOUT_RETURN_TYPE = YES_ERROR;
				GCC_WARN_UNDECLARED_SELECTOR = YES;
				GCC_WARN_UNINITIALIZED_AUTOS = YES_AGGRESSIVE;
				GCC_WARN_UNUSED_FUNCTION = YES;
				GCC_WARN_UNUSED_VARIABLE = YES;
				MACOSX_DEPLOYMENT_TARGET = 10.14;
				MTL_ENABLE_DEBUG_INFO = NO;
				MTL_FAST_MATH = YES;
				SDKROOT = macosx;
			};
			name = Release;
		};
		F49184CE21AFC1830093C4A5 /* Debug */ = {
			isa = XCBuildConfiguration;
			buildSettings = {
				CODE_SIGN_STYLE = Automatic;
				PRODUCT_NAME = "$(TARGET_NAME)";
			};
			name = Debug;
		};
		F49184CF21AFC1830093C4A5 /* Release */ = {
			isa = XCBuildConfiguration;
			buildSettings = {
				CODE_SIGN_STYLE = Automatic;
				PRODUCT_NAME = "$(TARGET_NAME)";
			};
			name = Release;
		};
/* End XCBuildConfiguration section */

/* Begin XCConfigurationList section */
		F49184C121AFC1830093C4A5 /* Build configuration list for PBXProject "CL" */ = {
			isa = XCConfigurationList;
			buildConfigurations = (
				F49184CB21AFC1830093C4A5 /* Debug */,
				F49184CC21AFC1830093C4A5 /* Release */,
			);
			defaultConfigurationIsVisible = 0;
			defaultConfigurationName = Release;
		};
		F49184CD21AFC1830093C4A5 /* Build configuration list for PBXNativeTarget "CL" */ = {
			isa = XCConfigurationList;
			buildConfigurations = (
				F49184CE21AFC1830093C4A5 /* Debug */,
				F49184CF21AFC1830093C4A5 /* Release */,
			);
			defaultConfigurationIsVisible = 0;
			defaultConfigurationName = Release;
		};
/* End XCConfigurationList section */
	};
	rootObject = F49184BE21AFC1830093C4A5 /* Project object */;
}
